PODS:
  - "!ProtoCompiler (3.7.0)":
    - Protobuf (~> 3.0)
  - "!ProtoCompiler-gRPCPlugin (1.21.0)":
    - "!ProtoCompiler (= 3.7.0)"
    - gRPC-ProtoRPC (= 1.21.0)
  - Alamofire (4.8.2)
  - BoringSSL-GRPC (0.0.3):
    - BoringSSL-GRPC/Implementation (= 0.0.3)
    - BoringSSL-GRPC/Interface (= 0.0.3)
  - BoringSSL-GRPC/Implementation (0.0.3):
    - BoringSSL-GRPC/Interface (= 0.0.3)
  - BoringSSL-GRPC/Interface (0.0.3)
  - googleapis (0.0.1):
    - "!ProtoCompiler-gRPCPlugin (~> 1.0)"
    - googleapis/Messages (= 0.0.1)
    - googleapis/Services (= 0.0.1)
  - googleapis/Messages (0.0.1):
    - "!ProtoCompiler-gRPCPlugin (~> 1.0)"
    - Protobuf
  - googleapis/Services (0.0.1):
    - "!ProtoCompiler-gRPCPlugin (~> 1.0)"
    - googleapis/Messages
    - gRPC-ProtoRPC
  - gRPC (1.21.0):
    - gRPC-RxLibrary (= 1.21.0)
    - gRPC/Main (= 1.21.0)
  - gRPC-Core (1.21.0):
    - gRPC-Core/Implementation (= 1.21.0)
    - gRPC-Core/Interface (= 1.21.0)
  - gRPC-Core/Implementation (1.21.0):
    - BoringSSL-GRPC (= 0.0.3)
    - gRPC-Core/Interface (= 1.21.0)
    - nanopb (~> 0.3)
  - gRPC-Core/Interface (1.21.0)
  - gRPC-ProtoRPC (1.21.0):
    - gRPC-ProtoRPC/Main (= 1.21.0)
  - gRPC-ProtoRPC/Main (1.21.0):
    - gRPC (= 1.21.0)
    - gRPC-RxLibrary (= 1.21.0)
    - Protobuf (~> 3.0)
  - gRPC-RxLibrary (1.21.0)
  - gRPC/Main (1.21.0):
    - gRPC-Core (= 1.21.0)
    - gRPC-RxLibrary (= 1.21.0)
  - nanopb (0.3.901):
    - nanopb/decode (= 0.3.901)
    - nanopb/encode (= 0.3.901)
  - nanopb/decode (0.3.901)
  - nanopb/encode (0.3.901)
  - Protobuf (3.8.0)
  - Reusable (4.1.0):
    - Reusable/Storyboard (= 4.1.0)
    - Reusable/View (= 4.1.0)
  - Reusable/Storyboard (4.1.0)
  - Reusable/View (4.1.0)

DEPENDENCIES:
  - Alamofire (~> 4.8)
  - googleapis (from `.`)
  - Reusable

SPEC REPOS:
  https://github.com/cocoapods/specs.git:
    - "!ProtoCompiler"
    - "!ProtoCompiler-gRPCPlugin"
    - Alamofire
    - BoringSSL-GRPC
    - gRPC
    - gRPC-Core
    - gRPC-ProtoRPC
    - gRPC-RxLibrary
    - nanopb
    - Protobuf
    - Reusable

EXTERNAL SOURCES:
  googleapis:
    :path: "."

SPEC CHECKSUMS:
  "!ProtoCompiler": efc8ba4dceb16b48f6b366a08500871c8d3ff8d2
  "!ProtoCompiler-gRPCPlugin": 4e7f566ffe5de54bcea666ef15529eba89a1a712
  Alamofire: ae5c501addb7afdbb13687d7f2f722c78734c2d3
  BoringSSL-GRPC: db8764df3204ccea016e1c8dd15d9a9ad63ff318
  googleapis: aca6318130c96d3f627ec57af5eb3c9f1dbcf963
  gRPC: 0fd7e68260fbad66d5153864b75d98ed4d476d97
  gRPC-Core: c9aef9a261a1247e881b18059b84d597293c9947
  gRPC-ProtoRPC: fea7d2bb51ddd0ae6b5c5ea27033018f564084d0
  gRPC-RxLibrary: b0eb67f4f0f4c9cdfa6a73ea2b435a3efa77f1ef
  nanopb: 2901f78ea1b7b4015c860c2fdd1ea2fee1a18d48
  Protobuf: 3f617b9a6e73605565086864c9bc26b2bf2dd5a3
  Reusable: 82be188f29d96dc5eff0db7b2393bcc08d2cdd5b

PODFILE CHECKSUM: 86f9db5b8dafcb7de1372d0e32ab8b3d296ed2a2

COCOAPODS: 1.7.1
