// !$*UTF8*$!
{
	archiveVersion = 1;
	classes = {
	};
	objectVersion = 51;
	objects = {

/* Begin PBXBuildFile section */
		569CE7FB11AD8B4CFEAA1CF0 /* Pods_STTDemo.framework in Frameworks */ = {isa = PBXBuildFile; fileRef = DD4CBF12D4E51CEEE37DE480 /* Pods_STTDemo.framework */; };
		8E178DC222FABB82002E1017 /* Pulsing.swift in Sources */ = {isa = PBXBuildFile; fileRef = 8E178DC122FABB82002E1017 /* Pulsing.swift */; };
		8E29CC1F22F7DBFD005BFBEF /* ForeignLanguages.swift in Sources */ = {isa = PBXBuildFile; fileRef = 8E29CC1E22F7DBFD005BFBEF /* ForeignLanguages.swift */; };
		8E29CC2222F7E32D005BFBEF /* MenuViewController.swift in Sources */ = {isa = PBXBuildFile; fileRef = 8E29CC2122F7E32D005BFBEF /* MenuViewController.swift */; };
		8E29CC2522F7FEC1005BFBEF /* NavigationController.swift in Sources */ = {isa = PBXBuildFile; fileRef = 8E29CC2422F7FEC1005BFBEF /* NavigationController.swift */; };
		8E29CC2922F80805005BFBEF /* CreateRecordVC.swift in Sources */ = {isa = PBXBuildFile; fileRef = 8E29CC2822F80805005BFBEF /* CreateRecordVC.swift */; };
		8E29CC2B22F818B5005BFBEF /* UIDevice+.swift in Sources */ = {isa = PBXBuildFile; fileRef = 8E29CC2A22F818B5005BFBEF /* UIDevice+.swift */; };
		8E29CC2E22F907E9005BFBEF /* DetailViewController.swift in Sources */ = {isa = PBXBuildFile; fileRef = 8E29CC2D22F907E9005BFBEF /* DetailViewController.swift */; };
		8E29CC3222F9140B005BFBEF /* MessageCell.swift in Sources */ = {isa = PBXBuildFile; fileRef = 8E29CC3022F9140B005BFBEF /* MessageCell.swift */; };
		8E29CC3322F9140B005BFBEF /* MessageCell.xib in Resources */ = {isa = PBXBuildFile; fileRef = 8E29CC3122F9140B005BFBEF /* MessageCell.xib */; };
		8E29CC3622F91613005BFBEF /* DetailViewModel.swift in Sources */ = {isa = PBXBuildFile; fileRef = 8E29CC3522F91613005BFBEF /* DetailViewModel.swift */; };
		8E29CC3822F96F15005BFBEF /* AudioTranscript.swift in Sources */ = {isa = PBXBuildFile; fileRef = 8E29CC3722F96F15005BFBEF /* AudioTranscript.swift */; };
		8E29CC3A22F97CC1005BFBEF /* CheckInternet.swift in Sources */ = {isa = PBXBuildFile; fileRef = 8E29CC3922F97CC1005BFBEF /* CheckInternet.swift */; };
		8E2D4CB422E6916D002E414B /* AppDelegate.swift in Sources */ = {isa = PBXBuildFile; fileRef = 8E2D4CB322E6916D002E414B /* AppDelegate.swift */; };
		8E2D4CB622E6916D002E414B /* MainViewController.swift in Sources */ = {isa = PBXBuildFile; fileRef = 8E2D4CB522E6916D002E414B /* MainViewController.swift */; };
		8E2D4CB922E6916D002E414B /* Main.storyboard in Resources */ = {isa = PBXBuildFile; fileRef = 8E2D4CB722E6916D002E414B /* Main.storyboard */; };
		8E2D4CBB22E6916E002E414B /* Assets.xcassets in Resources */ = {isa = PBXBuildFile; fileRef = 8E2D4CBA22E6916E002E414B /* Assets.xcassets */; };
		8E2D4CBE22E6916E002E414B /* LaunchScreen.storyboard in Resources */ = {isa = PBXBuildFile; fileRef = 8E2D4CBC22E6916E002E414B /* LaunchScreen.storyboard */; };
		8E2D4CCB22E69404002E414B /* APIService.swift in Sources */ = {isa = PBXBuildFile; fileRef = 8E2D4CCA22E69404002E414B /* APIService.swift */; };
		8E2D4CCD22E694B4002E414B /* Results.swift in Sources */ = {isa = PBXBuildFile; fileRef = 8E2D4CCC22E694B4002E414B /* Results.swift */; };
		8E2D4CCF22E694D1002E414B /* Alternatives.swift in Sources */ = {isa = PBXBuildFile; fileRef = 8E2D4CCE22E694D1002E414B /* Alternatives.swift */; };
		8E2D4CD122E694FD002E414B /* STTResponse.swift in Sources */ = {isa = PBXBuildFile; fileRef = 8E2D4CD022E694FD002E414B /* STTResponse.swift */; };
		8E2D4CD322E69553002E414B /* Audio.swift in Sources */ = {isa = PBXBuildFile; fileRef = 8E2D4CD222E69553002E414B /* Audio.swift */; };
		8E2D4CD522E6956B002E414B /* Config.swift in Sources */ = {isa = PBXBuildFile; fileRef = 8E2D4CD422E6956B002E414B /* Config.swift */; };
		8E2D4CD722E69582002E414B /* STTRequest.swift in Sources */ = {isa = PBXBuildFile; fileRef = 8E2D4CD622E69582002E414B /* STTRequest.swift */; };
		8E2D4CDE22E69918002E414B /* APIUrl.swift in Sources */ = {isa = PBXBuildFile; fileRef = 8E2D4CDD22E69918002E414B /* APIUrl.swift */; };
		8E2D4CE422E69A07002E414B /* BaseRequest.swift in Sources */ = {isa = PBXBuildFile; fileRef = 8E2D4CE322E69A07002E414B /* BaseRequest.swift */; };
		8E2D4CE622E69B21002E414B /* STTShortAudioRequest.swift in Sources */ = {isa = PBXBuildFile; fileRef = 8E2D4CE522E69B21002E414B /* STTShortAudioRequest.swift */; };
		8E2D4CE822E6A01A002E414B /* BaseResult.swift in Sources */ = {isa = PBXBuildFile; fileRef = 8E2D4CE722E6A01A002E414B /* BaseResult.swift */; };
		8E2D4CEA22E6A034002E414B /* CustomRequestAdapter.swift in Sources */ = {isa = PBXBuildFile; fileRef = 8E2D4CE922E6A034002E414B /* CustomRequestAdapter.swift */; };
		8E2D4CEE22E6A134002E414B /* BaseError.swift in Sources */ = {isa = PBXBuildFile; fileRef = 8E2D4CED22E6A134002E414B /* BaseError.swift */; };
		8E2D4CF122E6A266002E414B /* STTRepository.swift in Sources */ = {isa = PBXBuildFile; fileRef = 8E2D4CF022E6A266002E414B /* STTRepository.swift */; };
		8E2D4CF722E6A98B002E414B /* MainViewModel.swift in Sources */ = {isa = PBXBuildFile; fileRef = 8E2D4CF622E6A98B002E414B /* MainViewModel.swift */; };
		8E2D4CFC22E6B049002E414B /* Languages.swift in Sources */ = {isa = PBXBuildFile; fileRef = 8E2D4CFB22E6B049002E414B /* Languages.swift */; };
		8E2D4D0022E6B82C002E414B /* TableCell.swift in Sources */ = {isa = PBXBuildFile; fileRef = 8E2D4CFE22E6B82C002E414B /* TableCell.swift */; };
		8E2D4D0122E6B82C002E414B /* TableCell.xib in Resources */ = {isa = PBXBuildFile; fileRef = 8E2D4CFF22E6B82C002E414B /* TableCell.xib */; };
		8E3402C322E8302A0007F030 /* APIKey.swift in Sources */ = {isa = PBXBuildFile; fileRef = 8E3402C222E8302A0007F030 /* APIKey.swift */; };
		8E3402D122E8502B0007F030 /* Date+.swift in Sources */ = {isa = PBXBuildFile; fileRef = 8E3402D022E8502B0007F030 /* Date+.swift */; };
		8E3402D322E850470007F030 /* Int+.swift in Sources */ = {isa = PBXBuildFile; fileRef = 8E3402D222E850470007F030 /* Int+.swift */; };
		8E3402D522E857A20007F030 /* RecordedAudio.swift in Sources */ = {isa = PBXBuildFile; fileRef = 8E3402D422E857A20007F030 /* RecordedAudio.swift */; };
		8E3402DB22E8624A0007F030 /* AlertMessage.swift in Sources */ = {isa = PBXBuildFile; fileRef = 8E3402DA22E8624A0007F030 /* AlertMessage.swift */; };
		8E3402DD22E862660007F030 /* UIApplication+.swift in Sources */ = {isa = PBXBuildFile; fileRef = 8E3402DC22E862660007F030 /* UIApplication+.swift */; };
		8E469BD122F2B68600A4CC9D /* ListLanguagesVM.swift in Sources */ = {isa = PBXBuildFile; fileRef = 8E469BD022F2B68600A4CC9D /* ListLanguagesVM.swift */; };
		8E469BD522F2B6AC00A4CC9D /* LanguageCell.swift in Sources */ = {isa = PBXBuildFile; fileRef = 8E469BD322F2B6AC00A4CC9D /* LanguageCell.swift */; };
		8E469BD622F2B6AC00A4CC9D /* LanguageCell.xib in Resources */ = {isa = PBXBuildFile; fileRef = 8E469BD422F2B6AC00A4CC9D /* LanguageCell.xib */; };
		8E469BD822F2C52900A4CC9D /* Language.swift in Sources */ = {isa = PBXBuildFile; fileRef = 8E469BD722F2C52900A4CC9D /* Language.swift */; };
		8E54AFB022E995CD00001117 /* AudioController.swift in Sources */ = {isa = PBXBuildFile; fileRef = 8E54AFAF22E995CD00001117 /* AudioController.swift */; };
		8E54AFB222E9962400001117 /* SpeechRecognitionService.swift in Sources */ = {isa = PBXBuildFile; fileRef = 8E54AFB122E9962400001117 /* SpeechRecognitionService.swift */; };
		8E54AFB422E9A68E00001117 /* UIViewController+.swift in Sources */ = {isa = PBXBuildFile; fileRef = 8E54AFB322E9A68E00001117 /* UIViewController+.swift */; };
		8E54AFDC22EAD69E00001117 /* Storyboards.swift in Sources */ = {isa = PBXBuildFile; fileRef = 8E54AFDB22EAD69E00001117 /* Storyboards.swift */; };
		8E54AFDE22EAD72900001117 /* UIView+.swift in Sources */ = {isa = PBXBuildFile; fileRef = 8E54AFDD22EAD72900001117 /* UIView+.swift */; };
		8E54AFE022EADAAF00001117 /* STTLongAudioRequest.swift in Sources */ = {isa = PBXBuildFile; fileRef = 8E54AFDF22EADAAF00001117 /* STTLongAudioRequest.swift */; };
		8E54AFE222EADCDC00001117 /* Metadata.swift in Sources */ = {isa = PBXBuildFile; fileRef = 8E54AFE122EADCDC00001117 /* Metadata.swift */; };
		8E54AFE422EADD0800001117 /* Response.swift in Sources */ = {isa = PBXBuildFile; fileRef = 8E54AFE322EADD0800001117 /* Response.swift */; };
		8E54AFE622EADD3400001117 /* STTLongAudioResponse.swift in Sources */ = {isa = PBXBuildFile; fileRef = 8E54AFE522EADD3400001117 /* STTLongAudioResponse.swift */; };
		8E54AFE822EADED400001117 /* GetAudioTransciptionRequest.swift in Sources */ = {isa = PBXBuildFile; fileRef = 8E54AFE722EADED400001117 /* GetAudioTransciptionRequest.swift */; };
		8EC9DCCF22F0321A00C4FB8B /* TranslationRequest.swift in Sources */ = {isa = PBXBuildFile; fileRef = 8EC9DCCE22F0321A00C4FB8B /* TranslationRequest.swift */; };
		8EC9DCD122F0338100C4FB8B /* TranslationRepository.swift in Sources */ = {isa = PBXBuildFile; fileRef = 8EC9DCD022F0338100C4FB8B /* TranslationRepository.swift */; };
		8EC9DCD322F0340500C4FB8B /* TranslationResponse.swift in Sources */ = {isa = PBXBuildFile; fileRef = 8EC9DCD222F0340500C4FB8B /* TranslationResponse.swift */; };
		8EC9DCD522F035B200C4FB8B /* TranslationData.swift in Sources */ = {isa = PBXBuildFile; fileRef = 8EC9DCD422F035B200C4FB8B /* TranslationData.swift */; };
		8EC9DCD722F035DE00C4FB8B /* Translations.swift in Sources */ = {isa = PBXBuildFile; fileRef = 8EC9DCD622F035DE00C4FB8B /* Translations.swift */; };
		8EC9DCE122F055BA00C4FB8B /* google in Resources */ = {isa = PBXBuildFile; fileRef = 8EC9DCE022F055BA00C4FB8B /* google */; };
		8EC9DCE322F0572E00C4FB8B /* GoogleService-Info.plist in Resources */ = {isa = PBXBuildFile; fileRef = 8EC9DCE222F0572E00C4FB8B /* GoogleService-Info.plist */; };
		8EC9DCE522F1649700C4FB8B /* FirebaseService.swift in Sources */ = {isa = PBXBuildFile; fileRef = 8EC9DCE422F1649700C4FB8B /* FirebaseService.swift */; };
		8EC9DCE722F1654900C4FB8B /* MessageModel.swift in Sources */ = {isa = PBXBuildFile; fileRef = 8EC9DCE622F1654900C4FB8B /* MessageModel.swift */; };
		8EC9DCE922F167A800C4FB8B /* String+.swift in Sources */ = {isa = PBXBuildFile; fileRef = 8EC9DCE822F167A800C4FB8B /* String+.swift */; };
		8EC9DCED22F169F800C4FB8B /* AudioTranscriptVC.swift in Sources */ = {isa = PBXBuildFile; fileRef = 8EC9DCEC22F169F800C4FB8B /* AudioTranscriptVC.swift */; };
		8EC9DCF022F16A4F00C4FB8B /* AudioTranscriptVM.swift in Sources */ = {isa = PBXBuildFile; fileRef = 8EC9DCEF22F16A4F00C4FB8B /* AudioTranscriptVM.swift */; };
		8EC9DCF422F16C2F00C4FB8B /* AudioCell.swift in Sources */ = {isa = PBXBuildFile; fileRef = 8EC9DCF222F16C2F00C4FB8B /* AudioCell.swift */; };
		8EC9DCF522F16C2F00C4FB8B /* AudioCell.xib in Resources */ = {isa = PBXBuildFile; fileRef = 8EC9DCF322F16C2F00C4FB8B /* AudioCell.xib */; };
		8EC9DCF722F17D7600C4FB8B /* PaddingLabel.swift in Sources */ = {isa = PBXBuildFile; fileRef = 8EC9DCF622F17D7600C4FB8B /* PaddingLabel.swift */; };
		8EC9DCF922F1995700C4FB8B /* ListLanguagesVC.swift in Sources */ = {isa = PBXBuildFile; fileRef = 8EC9DCF822F1995700C4FB8B /* ListLanguagesVC.swift */; };
/* End PBXBuildFile section */

/* Begin PBXFileReference section */
		8E178DC122FABB82002E1017 /* Pulsing.swift */ = {isa = PBXFileReference; lastKnownFileType = sourcecode.swift; path = Pulsing.swift; sourceTree = "<group>"; };
		8E29CC1E22F7DBFD005BFBEF /* ForeignLanguages.swift */ = {isa = PBXFileReference; lastKnownFileType = sourcecode.swift; path = ForeignLanguages.swift; sourceTree = "<group>"; };
		8E29CC2122F7E32D005BFBEF /* MenuViewController.swift */ = {isa = PBXFileReference; lastKnownFileType = sourcecode.swift; path = MenuViewController.swift; sourceTree = "<group>"; };
		8E29CC2422F7FEC1005BFBEF /* NavigationController.swift */ = {isa = PBXFileReference; lastKnownFileType = sourcecode.swift; path = NavigationController.swift; sourceTree = "<group>"; };
		8E29CC2822F80805005BFBEF /* CreateRecordVC.swift */ = {isa = PBXFileReference; lastKnownFileType = sourcecode.swift; path = CreateRecordVC.swift; sourceTree = "<group>"; };
		8E29CC2A22F818B5005BFBEF /* UIDevice+.swift */ = {isa = PBXFileReference; lastKnownFileType = sourcecode.swift; path = "UIDevice+.swift"; sourceTree = "<group>"; };
		8E29CC2D22F907E9005BFBEF /* DetailViewController.swift */ = {isa = PBXFileReference; lastKnownFileType = sourcecode.swift; path = DetailViewController.swift; sourceTree = "<group>"; };
		8E29CC3022F9140B005BFBEF /* MessageCell.swift */ = {isa = PBXFileReference; lastKnownFileType = sourcecode.swift; path = MessageCell.swift; sourceTree = "<group>"; };
		8E29CC3122F9140B005BFBEF /* MessageCell.xib */ = {isa = PBXFileReference; lastKnownFileType = file.xib; path = MessageCell.xib; sourceTree = "<group>"; };
		8E29CC3522F91613005BFBEF /* DetailViewModel.swift */ = {isa = PBXFileReference; lastKnownFileType = sourcecode.swift; path = DetailViewModel.swift; sourceTree = "<group>"; };
		8E29CC3722F96F15005BFBEF /* AudioTranscript.swift */ = {isa = PBXFileReference; lastKnownFileType = sourcecode.swift; path = AudioTranscript.swift; sourceTree = "<group>"; };
		8E29CC3922F97CC1005BFBEF /* CheckInternet.swift */ = {isa = PBXFileReference; lastKnownFileType = sourcecode.swift; path = CheckInternet.swift; sourceTree = "<group>"; };
		8E2D4CB022E6916D002E414B /* STTDemo.app */ = {isa = PBXFileReference; explicitFileType = wrapper.application; includeInIndex = 0; path = STTDemo.app; sourceTree = BUILT_PRODUCTS_DIR; };
		8E2D4CB322E6916D002E414B /* AppDelegate.swift */ = {isa = PBXFileReference; lastKnownFileType = sourcecode.swift; path = AppDelegate.swift; sourceTree = "<group>"; };
		8E2D4CB522E6916D002E414B /* MainViewController.swift */ = {isa = PBXFileReference; lastKnownFileType = sourcecode.swift; path = MainViewController.swift; sourceTree = "<group>"; };
		8E2D4CB822E6916D002E414B /* Base */ = {isa = PBXFileReference; lastKnownFileType = file.storyboard; name = Base; path = Base.lproj/Main.storyboard; sourceTree = "<group>"; };
		8E2D4CBA22E6916E002E414B /* Assets.xcassets */ = {isa = PBXFileReference; lastKnownFileType = folder.assetcatalog; path = Assets.xcassets; sourceTree = "<group>"; };
		8E2D4CBD22E6916E002E414B /* Base */ = {isa = PBXFileReference; lastKnownFileType = file.storyboard; name = Base; path = Base.lproj/LaunchScreen.storyboard; sourceTree = "<group>"; };
		8E2D4CBF22E6916E002E414B /* Info.plist */ = {isa = PBXFileReference; lastKnownFileType = text.plist.xml; path = Info.plist; sourceTree = "<group>"; };
		8E2D4CCA22E69404002E414B /* APIService.swift */ = {isa = PBXFileReference; lastKnownFileType = sourcecode.swift; path = APIService.swift; sourceTree = "<group>"; };
		8E2D4CCC22E694B4002E414B /* Results.swift */ = {isa = PBXFileReference; lastKnownFileType = sourcecode.swift; path = Results.swift; sourceTree = "<group>"; };
		8E2D4CCE22E694D1002E414B /* Alternatives.swift */ = {isa = PBXFileReference; lastKnownFileType = sourcecode.swift; path = Alternatives.swift; sourceTree = "<group>"; };
		8E2D4CD022E694FD002E414B /* STTResponse.swift */ = {isa = PBXFileReference; lastKnownFileType = sourcecode.swift; path = STTResponse.swift; sourceTree = "<group>"; };
		8E2D4CD222E69553002E414B /* Audio.swift */ = {isa = PBXFileReference; lastKnownFileType = sourcecode.swift; path = Audio.swift; sourceTree = "<group>"; };
		8E2D4CD422E6956B002E414B /* Config.swift */ = {isa = PBXFileReference; lastKnownFileType = sourcecode.swift; path = Config.swift; sourceTree = "<group>"; };
		8E2D4CD622E69582002E414B /* STTRequest.swift */ = {isa = PBXFileReference; lastKnownFileType = sourcecode.swift; path = STTRequest.swift; sourceTree = "<group>"; };
		8E2D4CD822E69797002E414B /* Bridging-Header.h */ = {isa = PBXFileReference; lastKnownFileType = sourcecode.c.h; path = "Bridging-Header.h"; sourceTree = "<group>"; };
		8E2D4CDD22E69918002E414B /* APIUrl.swift */ = {isa = PBXFileReference; lastKnownFileType = sourcecode.swift; path = APIUrl.swift; sourceTree = "<group>"; };
		8E2D4CE322E69A07002E414B /* BaseRequest.swift */ = {isa = PBXFileReference; lastKnownFileType = sourcecode.swift; path = BaseRequest.swift; sourceTree = "<group>"; };
		8E2D4CE522E69B21002E414B /* STTShortAudioRequest.swift */ = {isa = PBXFileReference; lastKnownFileType = sourcecode.swift; path = STTShortAudioRequest.swift; sourceTree = "<group>"; };
		8E2D4CE722E6A01A002E414B /* BaseResult.swift */ = {isa = PBXFileReference; lastKnownFileType = sourcecode.swift; path = BaseResult.swift; sourceTree = "<group>"; };
		8E2D4CE922E6A034002E414B /* CustomRequestAdapter.swift */ = {isa = PBXFileReference; lastKnownFileType = sourcecode.swift; path = CustomRequestAdapter.swift; sourceTree = "<group>"; };
		8E2D4CED22E6A134002E414B /* BaseError.swift */ = {isa = PBXFileReference; lastKnownFileType = sourcecode.swift; path = BaseError.swift; sourceTree = "<group>"; };
		8E2D4CF022E6A266002E414B /* STTRepository.swift */ = {isa = PBXFileReference; lastKnownFileType = sourcecode.swift; path = STTRepository.swift; sourceTree = "<group>"; };
		8E2D4CF622E6A98B002E414B /* MainViewModel.swift */ = {isa = PBXFileReference; lastKnownFileType = sourcecode.swift; path = MainViewModel.swift; sourceTree = "<group>"; };
		8E2D4CFB22E6B049002E414B /* Languages.swift */ = {isa = PBXFileReference; fileEncoding = 4; lastKnownFileType = sourcecode.swift; path = Languages.swift; sourceTree = "<group>"; };
		8E2D4CFE22E6B82C002E414B /* TableCell.swift */ = {isa = PBXFileReference; lastKnownFileType = sourcecode.swift; path = TableCell.swift; sourceTree = "<group>"; };
		8E2D4CFF22E6B82C002E414B /* TableCell.xib */ = {isa = PBXFileReference; lastKnownFileType = file.xib; path = TableCell.xib; sourceTree = "<group>"; };
		8E3402C222E8302A0007F030 /* APIKey.swift */ = {isa = PBXFileReference; lastKnownFileType = sourcecode.swift; path = APIKey.swift; sourceTree = "<group>"; };
		8E3402D022E8502B0007F030 /* Date+.swift */ = {isa = PBXFileReference; lastKnownFileType = sourcecode.swift; path = "Date+.swift"; sourceTree = "<group>"; };
		8E3402D222E850470007F030 /* Int+.swift */ = {isa = PBXFileReference; lastKnownFileType = sourcecode.swift; path = "Int+.swift"; sourceTree = "<group>"; };
		8E3402D422E857A20007F030 /* RecordedAudio.swift */ = {isa = PBXFileReference; lastKnownFileType = sourcecode.swift; path = RecordedAudio.swift; sourceTree = "<group>"; };
		8E3402DA22E8624A0007F030 /* AlertMessage.swift */ = {isa = PBXFileReference; lastKnownFileType = sourcecode.swift; path = AlertMessage.swift; sourceTree = "<group>"; };
		8E3402DC22E862660007F030 /* UIApplication+.swift */ = {isa = PBXFileReference; lastKnownFileType = sourcecode.swift; path = "UIApplication+.swift"; sourceTree = "<group>"; };
		8E469BD022F2B68600A4CC9D /* ListLanguagesVM.swift */ = {isa = PBXFileReference; lastKnownFileType = sourcecode.swift; path = ListLanguagesVM.swift; sourceTree = "<group>"; };
		8E469BD322F2B6AC00A4CC9D /* LanguageCell.swift */ = {isa = PBXFileReference; lastKnownFileType = sourcecode.swift; path = LanguageCell.swift; sourceTree = "<group>"; };
		8E469BD422F2B6AC00A4CC9D /* LanguageCell.xib */ = {isa = PBXFileReference; lastKnownFileType = file.xib; path = LanguageCell.xib; sourceTree = "<group>"; };
		8E469BD722F2C52900A4CC9D /* Language.swift */ = {isa = PBXFileReference; lastKnownFileType = sourcecode.swift; path = Language.swift; sourceTree = "<group>"; };
		8E54AFAF22E995CD00001117 /* AudioController.swift */ = {isa = PBXFileReference; lastKnownFileType = sourcecode.swift; path = AudioController.swift; sourceTree = "<group>"; };
		8E54AFB122E9962400001117 /* SpeechRecognitionService.swift */ = {isa = PBXFileReference; lastKnownFileType = sourcecode.swift; path = SpeechRecognitionService.swift; sourceTree = "<group>"; };
		8E54AFB322E9A68E00001117 /* UIViewController+.swift */ = {isa = PBXFileReference; lastKnownFileType = sourcecode.swift; path = "UIViewController+.swift"; sourceTree = "<group>"; };
		8E54AFDB22EAD69E00001117 /* Storyboards.swift */ = {isa = PBXFileReference; lastKnownFileType = sourcecode.swift; path = Storyboards.swift; sourceTree = "<group>"; };
		8E54AFDD22EAD72900001117 /* UIView+.swift */ = {isa = PBXFileReference; lastKnownFileType = sourcecode.swift; path = "UIView+.swift"; sourceTree = "<group>"; };
		8E54AFDF22EADAAF00001117 /* STTLongAudioRequest.swift */ = {isa = PBXFileReference; lastKnownFileType = sourcecode.swift; path = STTLongAudioRequest.swift; sourceTree = "<group>"; };
		8E54AFE122EADCDC00001117 /* Metadata.swift */ = {isa = PBXFileReference; lastKnownFileType = sourcecode.swift; path = Metadata.swift; sourceTree = "<group>"; };
		8E54AFE322EADD0800001117 /* Response.swift */ = {isa = PBXFileReference; lastKnownFileType = sourcecode.swift; path = Response.swift; sourceTree = "<group>"; };
		8E54AFE522EADD3400001117 /* STTLongAudioResponse.swift */ = {isa = PBXFileReference; lastKnownFileType = sourcecode.swift; path = STTLongAudioResponse.swift; sourceTree = "<group>"; };
		8E54AFE722EADED400001117 /* GetAudioTransciptionRequest.swift */ = {isa = PBXFileReference; lastKnownFileType = sourcecode.swift; path = GetAudioTransciptionRequest.swift; sourceTree = "<group>"; };
		8EC9DCCE22F0321A00C4FB8B /* TranslationRequest.swift */ = {isa = PBXFileReference; lastKnownFileType = sourcecode.swift; path = TranslationRequest.swift; sourceTree = "<group>"; };
		8EC9DCD022F0338100C4FB8B /* TranslationRepository.swift */ = {isa = PBXFileReference; lastKnownFileType = sourcecode.swift; path = TranslationRepository.swift; sourceTree = "<group>"; };
		8EC9DCD222F0340500C4FB8B /* TranslationResponse.swift */ = {isa = PBXFileReference; lastKnownFileType = sourcecode.swift; path = TranslationResponse.swift; sourceTree = "<group>"; };
		8EC9DCD422F035B200C4FB8B /* TranslationData.swift */ = {isa = PBXFileReference; lastKnownFileType = sourcecode.swift; path = TranslationData.swift; sourceTree = "<group>"; };
		8EC9DCD622F035DE00C4FB8B /* Translations.swift */ = {isa = PBXFileReference; lastKnownFileType = sourcecode.swift; path = Translations.swift; sourceTree = "<group>"; };
		8EC9DCE022F055BA00C4FB8B /* google */ = {isa = PBXFileReference; lastKnownFileType = folder; path = google; sourceTree = "<group>"; };
		8EC9DCE222F0572E00C4FB8B /* GoogleService-Info.plist */ = {isa = PBXFileReference; fileEncoding = 4; lastKnownFileType = text.plist.xml; path = "GoogleService-Info.plist"; sourceTree = "<group>"; };
		8EC9DCE422F1649700C4FB8B /* FirebaseService.swift */ = {isa = PBXFileReference; lastKnownFileType = sourcecode.swift; path = FirebaseService.swift; sourceTree = "<group>"; };
		8EC9DCE622F1654900C4FB8B /* MessageModel.swift */ = {isa = PBXFileReference; lastKnownFileType = sourcecode.swift; path = MessageModel.swift; sourceTree = "<group>"; };
		8EC9DCE822F167A800C4FB8B /* String+.swift */ = {isa = PBXFileReference; lastKnownFileType = sourcecode.swift; path = "String+.swift"; sourceTree = "<group>"; };
		8EC9DCEC22F169F800C4FB8B /* AudioTranscriptVC.swift */ = {isa = PBXFileReference; lastKnownFileType = sourcecode.swift; path = AudioTranscriptVC.swift; sourceTree = "<group>"; };
		8EC9DCEF22F16A4F00C4FB8B /* AudioTranscriptVM.swift */ = {isa = PBXFileReference; lastKnownFileType = sourcecode.swift; path = AudioTranscriptVM.swift; sourceTree = "<group>"; };
		8EC9DCF222F16C2F00C4FB8B /* AudioCell.swift */ = {isa = PBXFileReference; lastKnownFileType = sourcecode.swift; path = AudioCell.swift; sourceTree = "<group>"; };
		8EC9DCF322F16C2F00C4FB8B /* AudioCell.xib */ = {isa = PBXFileReference; lastKnownFileType = file.xib; path = AudioCell.xib; sourceTree = "<group>"; };
		8EC9DCF622F17D7600C4FB8B /* PaddingLabel.swift */ = {isa = PBXFileReference; lastKnownFileType = sourcecode.swift; path = PaddingLabel.swift; sourceTree = "<group>"; };
		8EC9DCF822F1995700C4FB8B /* ListLanguagesVC.swift */ = {isa = PBXFileReference; lastKnownFileType = sourcecode.swift; name = ListLanguagesVC.swift; path = STTDemo/Scenes/ListLanguagesVC.swift; sourceTree = SOURCE_ROOT; };
		CCEE279DAC157539F9D8294D /* Pods-STTDemo.release.xcconfig */ = {isa = PBXFileReference; includeInIndex = 1; lastKnownFileType = text.xcconfig; name = "Pods-STTDemo.release.xcconfig"; path = "Target Support Files/Pods-STTDemo/Pods-STTDemo.release.xcconfig"; sourceTree = "<group>"; };
		DD4CBF12D4E51CEEE37DE480 /* Pods_STTDemo.framework */ = {isa = PBXFileReference; explicitFileType = wrapper.framework; includeInIndex = 0; path = Pods_STTDemo.framework; sourceTree = BUILT_PRODUCTS_DIR; };
		E2BBEEC872C58B5EF1487EAF /* Pods-STTDemo.debug.xcconfig */ = {isa = PBXFileReference; includeInIndex = 1; lastKnownFileType = text.xcconfig; name = "Pods-STTDemo.debug.xcconfig"; path = "Target Support Files/Pods-STTDemo/Pods-STTDemo.debug.xcconfig"; sourceTree = "<group>"; };
/* End PBXFileReference section */

/* Begin PBXFrameworksBuildPhase section */
		8E2D4CAD22E6916D002E414B /* Frameworks */ = {
			isa = PBXFrameworksBuildPhase;
			buildActionMask = 2147483647;
			files = (
				569CE7FB11AD8B4CFEAA1CF0 /* Pods_STTDemo.framework in Frameworks */,
			);
			runOnlyForDeploymentPostprocessing = 0;
		};
/* End PBXFrameworksBuildPhase section */

/* Begin PBXGroup section */
		8E29CC2022F7E2E9005BFBEF /* Menu */ = {
			isa = PBXGroup;
			children = (
				8E29CC2122F7E32D005BFBEF /* MenuViewController.swift */,
			);
			path = Menu;
			sourceTree = "<group>";
		};
		8E29CC2322F7FE46005BFBEF /* Navigation */ = {
			isa = PBXGroup;
			children = (
				8E29CC2422F7FEC1005BFBEF /* NavigationController.swift */,
			);
			path = Navigation;
			sourceTree = "<group>";
		};
		8E29CC2622F807D3005BFBEF /* CreateRecord */ = {
			isa = PBXGroup;
			children = (
				8E29CC2822F80805005BFBEF /* CreateRecordVC.swift */,
			);
			path = CreateRecord;
			sourceTree = "<group>";
		};
		8E29CC2C22F907D2005BFBEF /* DetailTranscipt */ = {
			isa = PBXGroup;
			children = (
				8E29CC2F22F90889005BFBEF /* MessageCell */,
				8E29CC3422F91603005BFBEF /* ViewModel */,
				8E29CC2D22F907E9005BFBEF /* DetailViewController.swift */,
			);
			path = DetailTranscipt;
			sourceTree = "<group>";
		};
		8E29CC2F22F90889005BFBEF /* MessageCell */ = {
			isa = PBXGroup;
			children = (
				8E29CC3022F9140B005BFBEF /* MessageCell.swift */,
				8E29CC3122F9140B005BFBEF /* MessageCell.xib */,
			);
			path = MessageCell;
			sourceTree = "<group>";
		};
		8E29CC3422F91603005BFBEF /* ViewModel */ = {
			isa = PBXGroup;
			children = (
				8E29CC3522F91613005BFBEF /* DetailViewModel.swift */,
			);
			path = ViewModel;
			sourceTree = "<group>";
		};
		8E29CC3B22FABB4A005BFBEF /* Animation */ = {
			isa = PBXGroup;
			children = (
				8E178DC122FABB82002E1017 /* Pulsing.swift */,
			);
			path = Animation;
			sourceTree = "<group>";
		};
		8E2D4CA722E6916D002E414B = {
			isa = PBXGroup;
			children = (
				8EC9DCE022F055BA00C4FB8B /* google */,
				8E2D4CB222E6916D002E414B /* STTDemo */,
				8E2D4CB122E6916D002E414B /* Products */,
				B5C6A7152DBCA8DB6D8D7D17 /* Pods */,
				9F27A2E7C49412EAA6CD5AAB /* Frameworks */,
			);
			sourceTree = "<group>";
		};
		8E2D4CB122E6916D002E414B /* Products */ = {
			isa = PBXGroup;
			children = (
				8E2D4CB022E6916D002E414B /* STTDemo.app */,
			);
			name = Products;
			sourceTree = "<group>";
		};
		8E2D4CB222E6916D002E414B /* STTDemo */ = {
			isa = PBXGroup;
			children = (
				8E2D4CDC22E69832002E414B /* App */,
				8E29CC3B22FABB4A005BFBEF /* Animation */,
				8E3402D922E862260007F030 /* Helper */,
				8E3402CF22E850200007F030 /* Extension */,
				8E2D4CF822E6AE9A002E414B /* Constant */,
				8E2D4CEF22E6A251002E414B /* Repositories */,
				8E2D4CC522E6932B002E414B /* Data */,
				8E2D4CD922E697F6002E414B /* Scenes */,
				8E2D4CBA22E6916E002E414B /* Assets.xcassets */,
				8E2D4CBC22E6916E002E414B /* LaunchScreen.storyboard */,
				8E2D4CBF22E6916E002E414B /* Info.plist */,
				8E2D4CD822E69797002E414B /* Bridging-Header.h */,
				8EC9DCE222F0572E00C4FB8B /* GoogleService-Info.plist */,
			);
			path = STTDemo;
			sourceTree = "<group>";
		};
		8E2D4CC522E6932B002E414B /* Data */ = {
			isa = PBXGroup;
			children = (
				8E2D4CC722E693E1002E414B /* Source */,
				8E2D4CC622E693D7002E414B /* Model */,
			);
			path = Data;
			sourceTree = "<group>";
		};
		8E2D4CC622E693D7002E414B /* Model */ = {
			isa = PBXGroup;
			children = (
				8E2D4CCC22E694B4002E414B /* Results.swift */,
				8E2D4CCE22E694D1002E414B /* Alternatives.swift */,
				8E2D4CD222E69553002E414B /* Audio.swift */,
				8E2D4CD422E6956B002E414B /* Config.swift */,
				8E2D4CD622E69582002E414B /* STTRequest.swift */,
				8E3402D422E857A20007F030 /* RecordedAudio.swift */,
				8E54AFE122EADCDC00001117 /* Metadata.swift */,
				8E54AFE322EADD0800001117 /* Response.swift */,
				8EC9DCD422F035B200C4FB8B /* TranslationData.swift */,
				8EC9DCD622F035DE00C4FB8B /* Translations.swift */,
				8EC9DCE622F1654900C4FB8B /* MessageModel.swift */,
				8E469BD722F2C52900A4CC9D /* Language.swift */,
				8E29CC3722F96F15005BFBEF /* AudioTranscript.swift */,
			);
			path = Model;
			sourceTree = "<group>";
		};
		8E2D4CC722E693E1002E414B /* Source */ = {
			isa = PBXGroup;
			children = (
				8E2D4CC822E693E8002E414B /* Remote */,
			);
			path = Source;
			sourceTree = "<group>";
		};
		8E2D4CC822E693E8002E414B /* Remote */ = {
			isa = PBXGroup;
			children = (
				8E2D4CC922E693EF002E414B /* API */,
			);
			path = Remote;
			sourceTree = "<group>";
		};
		8E2D4CC922E693EF002E414B /* API */ = {
			isa = PBXGroup;
			children = (
				8E2D4CE222E699BF002E414B /* Response */,
				8E2D4CE122E699B9002E414B /* Request */,
				8E2D4CE022E699A9002E414B /* Middleware */,
				8E2D4CDF22E699A3002E414B /* Error */,
				8E2D4CCA22E69404002E414B /* APIService.swift */,
				8E2D4CDD22E69918002E414B /* APIUrl.swift */,
				8E3402C222E8302A0007F030 /* APIKey.swift */,
			);
			path = API;
			sourceTree = "<group>";
		};
		8E2D4CD922E697F6002E414B /* Scenes */ = {
			isa = PBXGroup;
			children = (
				8E29CC2322F7FE46005BFBEF /* Navigation */,
				8E29CC2022F7E2E9005BFBEF /* Menu */,
				8E29CC2622F807D3005BFBEF /* CreateRecord */,
				8E2D4CDA22E69800002E414B /* Main */,
				8EC9DCFA22F1996000C4FB8B /* ListLanguages */,
				8EC9DCEB22F169C800C4FB8B /* AudioTranscipt */,
				8E29CC2C22F907D2005BFBEF /* DetailTranscipt */,
				8E2D4CDB22E69805002E414B /* Storyboard */,
			);
			path = Scenes;
			sourceTree = "<group>";
		};
		8E2D4CDA22E69800002E414B /* Main */ = {
			isa = PBXGroup;
			children = (
				8E2D4CFD22E6B80F002E414B /* TableCell */,
				8E2D4CF522E6A97F002E414B /* ViewModel */,
				8E2D4CB522E6916D002E414B /* MainViewController.swift */,
			);
			path = Main;
			sourceTree = "<group>";
		};
		8E2D4CDB22E69805002E414B /* Storyboard */ = {
			isa = PBXGroup;
			children = (
				8E2D4CB722E6916D002E414B /* Main.storyboard */,
				8E54AFDB22EAD69E00001117 /* Storyboards.swift */,
			);
			path = Storyboard;
			sourceTree = "<group>";
		};
		8E2D4CDC22E69832002E414B /* App */ = {
			isa = PBXGroup;
			children = (
				8E2D4CB322E6916D002E414B /* AppDelegate.swift */,
			);
			path = App;
			sourceTree = "<group>";
		};
		8E2D4CDF22E699A3002E414B /* Error */ = {
			isa = PBXGroup;
			children = (
				8E2D4CED22E6A134002E414B /* BaseError.swift */,
			);
			path = Error;
			sourceTree = "<group>";
		};
		8E2D4CE022E699A9002E414B /* Middleware */ = {
			isa = PBXGroup;
			children = (
				8E2D4CE722E6A01A002E414B /* BaseResult.swift */,
				8E2D4CE922E6A034002E414B /* CustomRequestAdapter.swift */,
			);
			path = Middleware;
			sourceTree = "<group>";
		};
		8E2D4CE122E699B9002E414B /* Request */ = {
			isa = PBXGroup;
			children = (
				8E2D4CE322E69A07002E414B /* BaseRequest.swift */,
				8E2D4CE522E69B21002E414B /* STTShortAudioRequest.swift */,
				8E54AFDF22EADAAF00001117 /* STTLongAudioRequest.swift */,
				8E54AFE722EADED400001117 /* GetAudioTransciptionRequest.swift */,
				8EC9DCCE22F0321A00C4FB8B /* TranslationRequest.swift */,
			);
			path = Request;
			sourceTree = "<group>";
		};
		8E2D4CE222E699BF002E414B /* Response */ = {
			isa = PBXGroup;
			children = (
				8E2D4CD022E694FD002E414B /* STTResponse.swift */,
				8E54AFE522EADD3400001117 /* STTLongAudioResponse.swift */,
				8EC9DCD222F0340500C4FB8B /* TranslationResponse.swift */,
			);
			path = Response;
			sourceTree = "<group>";
		};
		8E2D4CEF22E6A251002E414B /* Repositories */ = {
			isa = PBXGroup;
			children = (
				8E2D4CF022E6A266002E414B /* STTRepository.swift */,
				8EC9DCD022F0338100C4FB8B /* TranslationRepository.swift */,
			);
			path = Repositories;
			sourceTree = "<group>";
		};
		8E2D4CF522E6A97F002E414B /* ViewModel */ = {
			isa = PBXGroup;
			children = (
				8E2D4CF622E6A98B002E414B /* MainViewModel.swift */,
			);
			path = ViewModel;
			sourceTree = "<group>";
		};
		8E2D4CF822E6AE9A002E414B /* Constant */ = {
			isa = PBXGroup;
			children = (
				8E2D4CFB22E6B049002E414B /* Languages.swift */,
			);
			path = Constant;
			sourceTree = "<group>";
		};
		8E2D4CFD22E6B80F002E414B /* TableCell */ = {
			isa = PBXGroup;
			children = (
				8E2D4CFE22E6B82C002E414B /* TableCell.swift */,
				8E2D4CFF22E6B82C002E414B /* TableCell.xib */,
			);
			path = TableCell;
			sourceTree = "<group>";
		};
		8E3402CF22E850200007F030 /* Extension */ = {
			isa = PBXGroup;
			children = (
				8EC9DCEA22F167BB00C4FB8B /* UIExtension */,
				8E3402D022E8502B0007F030 /* Date+.swift */,
				8E3402D222E850470007F030 /* Int+.swift */,
				8EC9DCE822F167A800C4FB8B /* String+.swift */,
			);
			path = Extension;
			sourceTree = "<group>";
		};
		8E3402D922E862260007F030 /* Helper */ = {
			isa = PBXGroup;
			children = (
				8E3402DA22E8624A0007F030 /* AlertMessage.swift */,
				8E54AFAF22E995CD00001117 /* AudioController.swift */,
				8E54AFB122E9962400001117 /* SpeechRecognitionService.swift */,
				8EC9DCE422F1649700C4FB8B /* FirebaseService.swift */,
				8EC9DCF622F17D7600C4FB8B /* PaddingLabel.swift */,
				8E29CC1E22F7DBFD005BFBEF /* ForeignLanguages.swift */,
				8E29CC3922F97CC1005BFBEF /* CheckInternet.swift */,
			);
			path = Helper;
			sourceTree = "<group>";
		};
		8E469BD222F2B68D00A4CC9D /* LanguageCell */ = {
			isa = PBXGroup;
			children = (
				8E469BD322F2B6AC00A4CC9D /* LanguageCell.swift */,
				8E469BD422F2B6AC00A4CC9D /* LanguageCell.xib */,
			);
			path = LanguageCell;
			sourceTree = "<group>";
		};
		8EC9DCEA22F167BB00C4FB8B /* UIExtension */ = {
			isa = PBXGroup;
			children = (
				8E3402DC22E862660007F030 /* UIApplication+.swift */,
				8E54AFB322E9A68E00001117 /* UIViewController+.swift */,
				8E54AFDD22EAD72900001117 /* UIView+.swift */,
				8E29CC2A22F818B5005BFBEF /* UIDevice+.swift */,
			);
			path = UIExtension;
			sourceTree = "<group>";
		};
		8EC9DCEB22F169C800C4FB8B /* AudioTranscipt */ = {
			isa = PBXGroup;
			children = (
				8EC9DCF122F16C0700C4FB8B /* AudioCell */,
				8EC9DCEE22F16A3C00C4FB8B /* ViewModel */,
				8EC9DCEC22F169F800C4FB8B /* AudioTranscriptVC.swift */,
			);
			path = AudioTranscipt;
			sourceTree = "<group>";
		};
		8EC9DCEE22F16A3C00C4FB8B /* ViewModel */ = {
			isa = PBXGroup;
			children = (
				8EC9DCEF22F16A4F00C4FB8B /* AudioTranscriptVM.swift */,
			);
			path = ViewModel;
			sourceTree = "<group>";
		};
		8EC9DCF122F16C0700C4FB8B /* AudioCell */ = {
			isa = PBXGroup;
			children = (
				8EC9DCF222F16C2F00C4FB8B /* AudioCell.swift */,
				8EC9DCF322F16C2F00C4FB8B /* AudioCell.xib */,
			);
			path = AudioCell;
			sourceTree = "<group>";
		};
		8EC9DCFA22F1996000C4FB8B /* ListLanguages */ = {
			isa = PBXGroup;
			children = (
				8E469BD222F2B68D00A4CC9D /* LanguageCell */,
				8EC9DCFC22F2B64F00C4FB8B /* ViewModel */,
				8EC9DCF822F1995700C4FB8B /* ListLanguagesVC.swift */,
			);
			path = ListLanguages;
			sourceTree = "<group>";
		};
		8EC9DCFC22F2B64F00C4FB8B /* ViewModel */ = {
			isa = PBXGroup;
			children = (
				8E469BD022F2B68600A4CC9D /* ListLanguagesVM.swift */,
			);
			path = ViewModel;
			sourceTree = "<group>";
		};
		9F27A2E7C49412EAA6CD5AAB /* Frameworks */ = {
			isa = PBXGroup;
			children = (
				DD4CBF12D4E51CEEE37DE480 /* Pods_STTDemo.framework */,
			);
			name = Frameworks;
			sourceTree = "<group>";
		};
		B5C6A7152DBCA8DB6D8D7D17 /* Pods */ = {
			isa = PBXGroup;
			children = (
				E2BBEEC872C58B5EF1487EAF /* Pods-STTDemo.debug.xcconfig */,
				CCEE279DAC157539F9D8294D /* Pods-STTDemo.release.xcconfig */,
			);
			path = Pods;
			sourceTree = "<group>";
		};
/* End PBXGroup section */

/* Begin PBXNativeTarget section */
		8E2D4CAF22E6916D002E414B /* STTDemo */ = {
			isa = PBXNativeTarget;
			buildConfigurationList = 8E2D4CC222E6916E002E414B /* Build configuration list for PBXNativeTarget "STTDemo" */;
			buildPhases = (
				44CDD3343F3357C440B87B39 /* [CP] Check Pods Manifest.lock */,
				8E2D4CAC22E6916D002E414B /* Sources */,
				8E2D4CAD22E6916D002E414B /* Frameworks */,
				8E2D4CAE22E6916D002E414B /* Resources */,
				5E7418042F51909E2EB7FDFF /* [CP] Embed Pods Frameworks */,
			);
			buildRules = (
			);
			dependencies = (
			);
			name = STTDemo;
			productName = STTDemo;
			productReference = 8E2D4CB022E6916D002E414B /* STTDemo.app */;
			productType = "com.apple.product-type.application";
		};
/* End PBXNativeTarget section */

/* Begin PBXProject section */
		8E2D4CA822E6916D002E414B /* Project object */ = {
			isa = PBXProject;
			attributes = {
				LastSwiftUpdateCheck = 1020;
				LastUpgradeCheck = 1020;
				ORGANIZATIONNAME = nguyen.duc.huyb;
				TargetAttributes = {
					8E2D4CAF22E6916D002E414B = {
						CreatedOnToolsVersion = 10.2.1;
					};
				};
			};
			buildConfigurationList = 8E2D4CAB22E6916D002E414B /* Build configuration list for PBXProject "STTDemo" */;
			compatibilityVersion = "Xcode 9.3";
			developmentRegion = en;
			hasScannedForEncodings = 0;
			knownRegions = (
				en,
				Base,
			);
			mainGroup = 8E2D4CA722E6916D002E414B;
			productRefGroup = 8E2D4CB122E6916D002E414B /* Products */;
			projectDirPath = "";
			projectRoot = "";
			targets = (
				8E2D4CAF22E6916D002E414B /* STTDemo */,
			);
		};
/* End PBXProject section */

/* Begin PBXResourcesBuildPhase section */
		8E2D4CAE22E6916D002E414B /* Resources */ = {
			isa = PBXResourcesBuildPhase;
			buildActionMask = 2147483647;
			files = (
				8E2D4CBE22E6916E002E414B /* LaunchScreen.storyboard in Resources */,
				8EC9DCE322F0572E00C4FB8B /* GoogleService-Info.plist in Resources */,
				8E2D4CBB22E6916E002E414B /* Assets.xcassets in Resources */,
				8EC9DCE122F055BA00C4FB8B /* google in Resources */,
				8E29CC3322F9140B005BFBEF /* MessageCell.xib in Resources */,
				8E469BD622F2B6AC00A4CC9D /* LanguageCell.xib in Resources */,
				8EC9DCF522F16C2F00C4FB8B /* AudioCell.xib in Resources */,
				8E2D4CB922E6916D002E414B /* Main.storyboard in Resources */,
				8E2D4D0122E6B82C002E414B /* TableCell.xib in Resources */,
			);
			runOnlyForDeploymentPostprocessing = 0;
		};
/* End PBXResourcesBuildPhase section */

/* Begin PBXShellScriptBuildPhase section */
		44CDD3343F3357C440B87B39 /* [CP] Check Pods Manifest.lock */ = {
			isa = PBXShellScriptBuildPhase;
			buildActionMask = 2147483647;
			files = (
			);
			inputFileListPaths = (
			);
			inputPaths = (
				"${PODS_PODFILE_DIR_PATH}/Podfile.lock",
				"${PODS_ROOT}/Manifest.lock",
			);
			name = "[CP] Check Pods Manifest.lock";
			outputFileListPaths = (
			);
			outputPaths = (
				"$(DERIVED_FILE_DIR)/Pods-STTDemo-checkManifestLockResult.txt",
			);
			runOnlyForDeploymentPostprocessing = 0;
			shellPath = /bin/sh;
			shellScript = "diff \"${PODS_PODFILE_DIR_PATH}/Podfile.lock\" \"${PODS_ROOT}/Manifest.lock\" > /dev/null\nif [ $? != 0 ] ; then\n    # print error to STDERR\n    echo \"error: The sandbox is not in sync with the Podfile.lock. Run 'pod install' or update your CocoaPods installation.\" >&2\n    exit 1\nfi\n# This output is used by Xcode 'outputs' to avoid re-running this script phase.\necho \"SUCCESS\" > \"${SCRIPT_OUTPUT_FILE_0}\"\n";
			showEnvVarsInLog = 0;
		};
		5E7418042F51909E2EB7FDFF /* [CP] Embed Pods Frameworks */ = {
			isa = PBXShellScriptBuildPhase;
			buildActionMask = 2147483647;
			files = (
			);
			inputFileListPaths = (
				"${PODS_ROOT}/Target Support Files/Pods-STTDemo/Pods-STTDemo-frameworks-${CONFIGURATION}-input-files.xcfilelist",
			);
			name = "[CP] Embed Pods Frameworks";
			outputFileListPaths = (
				"${PODS_ROOT}/Target Support Files/Pods-STTDemo/Pods-STTDemo-frameworks-${CONFIGURATION}-output-files.xcfilelist",
			);
			runOnlyForDeploymentPostprocessing = 0;
			shellPath = /bin/sh;
			shellScript = "\"${PODS_ROOT}/Target Support Files/Pods-STTDemo/Pods-STTDemo-frameworks.sh\"\n";
			showEnvVarsInLog = 0;
		};
/* End PBXShellScriptBuildPhase section */

/* Begin PBXSourcesBuildPhase section */
		8E2D4CAC22E6916D002E414B /* Sources */ = {
			isa = PBXSourcesBuildPhase;
			buildActionMask = 2147483647;
			files = (
				8E2D4CDE22E69918002E414B /* APIUrl.swift in Sources */,
				8E2D4CF122E6A266002E414B /* STTRepository.swift in Sources */,
				8E54AFE222EADCDC00001117 /* Metadata.swift in Sources */,
				8EC9DCD322F0340500C4FB8B /* TranslationResponse.swift in Sources */,
				8E3402C322E8302A0007F030 /* APIKey.swift in Sources */,
				8E54AFE622EADD3400001117 /* STTLongAudioResponse.swift in Sources */,
				8E2D4CB622E6916D002E414B /* MainViewController.swift in Sources */,
				8E2D4CCB22E69404002E414B /* APIService.swift in Sources */,
				8E54AFB422E9A68E00001117 /* UIViewController+.swift in Sources */,
				8E54AFB022E995CD00001117 /* AudioController.swift in Sources */,
				8E2D4CCD22E694B4002E414B /* Results.swift in Sources */,
				8E2D4CEA22E6A034002E414B /* CustomRequestAdapter.swift in Sources */,
				8E54AFB222E9962400001117 /* SpeechRecognitionService.swift in Sources */,
				8E29CC2522F7FEC1005BFBEF /* NavigationController.swift in Sources */,
				8E54AFE822EADED400001117 /* GetAudioTransciptionRequest.swift in Sources */,
				8E3402D122E8502B0007F030 /* Date+.swift in Sources */,
				8E2D4CE822E6A01A002E414B /* BaseResult.swift in Sources */,
				8EC9DCE522F1649700C4FB8B /* FirebaseService.swift in Sources */,
				8E2D4CFC22E6B049002E414B /* Languages.swift in Sources */,
				8E29CC2B22F818B5005BFBEF /* UIDevice+.swift in Sources */,
				8EC9DCF722F17D7600C4FB8B /* PaddingLabel.swift in Sources */,
				8E2D4CCF22E694D1002E414B /* Alternatives.swift in Sources */,
				8E2D4D0022E6B82C002E414B /* TableCell.swift in Sources */,
				8E2D4CD122E694FD002E414B /* STTResponse.swift in Sources */,
				8E3402DB22E8624A0007F030 /* AlertMessage.swift in Sources */,
				8E3402D522E857A20007F030 /* RecordedAudio.swift in Sources */,
				8E2D4CE422E69A07002E414B /* BaseRequest.swift in Sources */,
				8E54AFE022EADAAF00001117 /* STTLongAudioRequest.swift in Sources */,
				8E54AFDC22EAD69E00001117 /* Storyboards.swift in Sources */,
				8E2D4CD522E6956B002E414B /* Config.swift in Sources */,
				8EC9DCE922F167A800C4FB8B /* String+.swift in Sources */,
				8EC9DCD722F035DE00C4FB8B /* Translations.swift in Sources */,
				8E29CC3A22F97CC1005BFBEF /* CheckInternet.swift in Sources */,
				8E3402D322E850470007F030 /* Int+.swift in Sources */,
				8E2D4CD722E69582002E414B /* STTRequest.swift in Sources */,
				8E3402DD22E862660007F030 /* UIApplication+.swift in Sources */,
				8E29CC3622F91613005BFBEF /* DetailViewModel.swift in Sources */,
				8E2D4CE622E69B21002E414B /* STTShortAudioRequest.swift in Sources */,
				8E29CC2222F7E32D005BFBEF /* MenuViewController.swift in Sources */,
				8E29CC2922F80805005BFBEF /* CreateRecordVC.swift in Sources */,
				8EC9DCD522F035B200C4FB8B /* TranslationData.swift in Sources */,
				8E469BD122F2B68600A4CC9D /* ListLanguagesVM.swift in Sources */,
				8E469BD522F2B6AC00A4CC9D /* LanguageCell.swift in Sources */,
				8E29CC1F22F7DBFD005BFBEF /* ForeignLanguages.swift in Sources */,
				8E54AFE422EADD0800001117 /* Response.swift in Sources */,
				8EC9DCCF22F0321A00C4FB8B /* TranslationRequest.swift in Sources */,
				8E2D4CB422E6916D002E414B /* AppDelegate.swift in Sources */,
				8EC9DCD122F0338100C4FB8B /* TranslationRepository.swift in Sources */,
				8E2D4CD322E69553002E414B /* Audio.swift in Sources */,
				8E29CC3822F96F15005BFBEF /* AudioTranscript.swift in Sources */,
				8E29CC3222F9140B005BFBEF /* MessageCell.swift in Sources */,
				8E469BD822F2C52900A4CC9D /* Language.swift in Sources */,
				8E29CC2E22F907E9005BFBEF /* DetailViewController.swift in Sources */,
				8EC9DCF022F16A4F00C4FB8B /* AudioTranscriptVM.swift in Sources */,
				8EC9DCE722F1654900C4FB8B /* MessageModel.swift in Sources */,
				8EC9DCED22F169F800C4FB8B /* AudioTranscriptVC.swift in Sources */,
				8E54AFDE22EAD72900001117 /* UIView+.swift in Sources */,
				8E2D4CEE22E6A134002E414B /* BaseError.swift in Sources */,
				8EC9DCF922F1995700C4FB8B /* ListLanguagesVC.swift in Sources */,
				8E2D4CF722E6A98B002E414B /* MainViewModel.swift in Sources */,
				8E178DC222FABB82002E1017 /* Pulsing.swift in Sources */,
				8EC9DCF422F16C2F00C4FB8B /* AudioCell.swift in Sources */,
			);
			runOnlyForDeploymentPostprocessing = 0;
		};
/* End PBXSourcesBuildPhase section */

/* Begin PBXVariantGroup section */
		8E2D4CB722E6916D002E414B /* Main.storyboard */ = {
			isa = PBXVariantGroup;
			children = (
				8E2D4CB822E6916D002E414B /* Base */,
			);
			name = Main.storyboard;
			sourceTree = "<group>";
		};
		8E2D4CBC22E6916E002E414B /* LaunchScreen.storyboard */ = {
			isa = PBXVariantGroup;
			children = (
				8E2D4CBD22E6916E002E414B /* Base */,
			);
			name = LaunchScreen.storyboard;
			sourceTree = "<group>";
		};
/* End PBXVariantGroup section */

/* Begin XCBuildConfiguration section */
		8E2D4CC022E6916E002E414B /* Debug */ = {
			isa = XCBuildConfiguration;
			buildSettings = {
				ALWAYS_SEARCH_USER_PATHS = NO;
				CLANG_ANALYZER_NONNULL = YES;
				CLANG_ANALYZER_NUMBER_OBJECT_CONVERSION = YES_AGGRESSIVE;
				CLANG_CXX_LANGUAGE_STANDARD = "gnu++14";
				CLANG_CXX_LIBRARY = "libc++";
				CLANG_ENABLE_MODULES = YES;
				CLANG_ENABLE_OBJC_ARC = YES;
				CLANG_ENABLE_OBJC_WEAK = YES;
				CLANG_WARN_BLOCK_CAPTURE_AUTORELEASING = YES;
				CLANG_WARN_BOOL_CONVERSION = YES;
				CLANG_WARN_COMMA = YES;
				CLANG_WARN_CONSTANT_CONVERSION = YES;
				CLANG_WARN_DEPRECATED_OBJC_IMPLEMENTATIONS = YES;
				CLANG_WARN_DIRECT_OBJC_ISA_USAGE = YES_ERROR;
				CLANG_WARN_DOCUMENTATION_COMMENTS = YES;
				CLANG_WARN_EMPTY_BODY = YES;
				CLANG_WARN_ENUM_CONVERSION = YES;
				CLANG_WARN_INFINITE_RECURSION = YES;
				CLANG_WARN_INT_CONVERSION = YES;
				CLANG_WARN_NON_LITERAL_NULL_CONVERSION = YES;
				CLANG_WARN_OBJC_IMPLICIT_RETAIN_SELF = YES;
				CLANG_WARN_OBJC_LITERAL_CONVERSION = YES;
				CLANG_WARN_OBJC_ROOT_CLASS = YES_ERROR;
				CLANG_WARN_RANGE_LOOP_ANALYSIS = YES;
				CLANG_WARN_STRICT_PROTOTYPES = YES;
				CLANG_WARN_SUSPICIOUS_MOVE = YES;
				CLANG_WARN_UNGUARDED_AVAILABILITY = YES_AGGRESSIVE;
				CLANG_WARN_UNREACHABLE_CODE = YES;
				CLANG_WARN__DUPLICATE_METHOD_MATCH = YES;
				CODE_SIGN_IDENTITY = "iPhone Developer";
				COPY_PHASE_STRIP = NO;
				DEBUG_INFORMATION_FORMAT = dwarf;
				ENABLE_STRICT_OBJC_MSGSEND = YES;
				ENABLE_TESTABILITY = YES;
				GCC_C_LANGUAGE_STANDARD = gnu11;
				GCC_DYNAMIC_NO_PIC = NO;
				GCC_NO_COMMON_BLOCKS = YES;
				GCC_OPTIMIZATION_LEVEL = 0;
				GCC_PREPROCESSOR_DEFINITIONS = (
					"DEBUG=1",
					"$(inherited)",
				);
				GCC_WARN_64_TO_32_BIT_CONVERSION = YES;
				GCC_WARN_ABOUT_RETURN_TYPE = YES_ERROR;
				GCC_WARN_UNDECLARED_SELECTOR = YES;
				GCC_WARN_UNINITIALIZED_AUTOS = YES_AGGRESSIVE;
				GCC_WARN_UNUSED_FUNCTION = YES;
				GCC_WARN_UNUSED_VARIABLE = YES;
				IPHONEOS_DEPLOYMENT_TARGET = 12.2;
				MTL_ENABLE_DEBUG_INFO = INCLUDE_SOURCE;
				MTL_FAST_MATH = YES;
				ONLY_ACTIVE_ARCH = YES;
				SDKROOT = iphoneos;
				SWIFT_ACTIVE_COMPILATION_CONDITIONS = DEBUG;
				SWIFT_OPTIMIZATION_LEVEL = "-Onone";
			};
			name = Debug;
		};
		8E2D4CC122E6916E002E414B /* Release */ = {
			isa = XCBuildConfiguration;
			buildSettings = {
				ALWAYS_SEARCH_USER_PATHS = NO;
				CLANG_ANALYZER_NONNULL = YES;
				CLANG_ANALYZER_NUMBER_OBJECT_CONVERSION = YES_AGGRESSIVE;
				CLANG_CXX_LANGUAGE_STANDARD = "gnu++14";
				CLANG_CXX_LIBRARY = "libc++";
				CLANG_ENABLE_MODULES = YES;
				CLANG_ENABLE_OBJC_ARC = YES;
				CLANG_ENABLE_OBJC_WEAK = YES;
				CLANG_WARN_BLOCK_CAPTURE_AUTORELEASING = YES;
				CLANG_WARN_BOOL_CONVERSION = YES;
				CLANG_WARN_COMMA = YES;
				CLANG_WARN_CONSTANT_CONVERSION = YES;
				CLANG_WARN_DEPRECATED_OBJC_IMPLEMENTATIONS = YES;
				CLANG_WARN_DIRECT_OBJC_ISA_USAGE = YES_ERROR;
				CLANG_WARN_DOCUMENTATION_COMMENTS = YES;
				CLANG_WARN_EMPTY_BODY = YES;
				CLANG_WARN_ENUM_CONVERSION = YES;
				CLANG_WARN_INFINITE_RECURSION = YES;
				CLANG_WARN_INT_CONVERSION = YES;
				CLANG_WARN_NON_LITERAL_NULL_CONVERSION = YES;
				CLANG_WARN_OBJC_IMPLICIT_RETAIN_SELF = YES;
				CLANG_WARN_OBJC_LITERAL_CONVERSION = YES;
				CLANG_WARN_OBJC_ROOT_CLASS = YES_ERROR;
				CLANG_WARN_RANGE_LOOP_ANALYSIS = YES;
				CLANG_WARN_STRICT_PROTOTYPES = YES;
				CLANG_WARN_SUSPICIOUS_MOVE = YES;
				CLANG_WARN_UNGUARDED_AVAILABILITY = YES_AGGRESSIVE;
				CLANG_WARN_UNREACHABLE_CODE = YES;
				CLANG_WARN__DUPLICATE_METHOD_MATCH = YES;
				CODE_SIGN_IDENTITY = "iPhone Developer";
				COPY_PHASE_STRIP = NO;
				DEBUG_INFORMATION_FORMAT = "dwarf-with-dsym";
				ENABLE_NS_ASSERTIONS = NO;
				ENABLE_STRICT_OBJC_MSGSEND = YES;
				GCC_C_LANGUAGE_STANDARD = gnu11;
				GCC_NO_COMMON_BLOCKS = YES;
				GCC_WARN_64_TO_32_BIT_CONVERSION = YES;
				GCC_WARN_ABOUT_RETURN_TYPE = YES_ERROR;
				GCC_WARN_UNDECLARED_SELECTOR = YES;
				GCC_WARN_UNINITIALIZED_AUTOS = YES_AGGRESSIVE;
				GCC_WARN_UNUSED_FUNCTION = YES;
				GCC_WARN_UNUSED_VARIABLE = YES;
				IPHONEOS_DEPLOYMENT_TARGET = 12.2;
				MTL_ENABLE_DEBUG_INFO = NO;
				MTL_FAST_MATH = YES;
				SDKROOT = iphoneos;
				SWIFT_COMPILATION_MODE = wholemodule;
				SWIFT_OPTIMIZATION_LEVEL = "-O";
				VALIDATE_PRODUCT = YES;
			};
			name = Release;
		};
		8E2D4CC322E6916E002E414B /* Debug */ = {
			isa = XCBuildConfiguration;
			baseConfigurationReference = E2BBEEC872C58B5EF1487EAF /* Pods-STTDemo.debug.xcconfig */;
			buildSettings = {
				ASSETCATALOG_COMPILER_APPICON_NAME = AppIcon;
				CODE_SIGN_STYLE = Automatic;
				DEVELOPMENT_TEAM = 4S6V4A656S;
				INFOPLIST_FILE = STTDemo/Info.plist;
				IPHONEOS_DEPLOYMENT_TARGET = 11.0;
				LD_RUNPATH_SEARCH_PATHS = (
					"$(inherited)",
					"@executable_path/Frameworks",
				);
				PRODUCT_BUNDLE_IDENTIFIER = com.team131.meetingassistant;
				PRODUCT_NAME = "$(TARGET_NAME)";
				SWIFT_OBJC_BRIDGING_HEADER = "STTDemo/Bridging-Header.h";
				SWIFT_VERSION = 5.0;
				TARGETED_DEVICE_FAMILY = "1,2";
			};
			name = Debug;
		};
		8E2D4CC422E6916E002E414B /* Release */ = {
			isa = XCBuildConfiguration;
			baseConfigurationReference = CCEE279DAC157539F9D8294D /* Pods-STTDemo.release.xcconfig */;
			buildSettings = {
				ASSETCATALOG_COMPILER_APPICON_NAME = AppIcon;
				CODE_SIGN_STYLE = Automatic;
				DEVELOPMENT_TEAM = 4S6V4A656S;
				INFOPLIST_FILE = STTDemo/Info.plist;
				IPHONEOS_DEPLOYMENT_TARGET = 11.0;
				LD_RUNPATH_SEARCH_PATHS = (
					"$(inherited)",
					"@executable_path/Frameworks",
				);
				PRODUCT_BUNDLE_IDENTIFIER = com.team131.meetingassistant;
				PRODUCT_NAME = "$(TARGET_NAME)";
				SWIFT_OBJC_BRIDGING_HEADER = "STTDemo/Bridging-Header.h";
				SWIFT_VERSION = 5.0;
				TARGETED_DEVICE_FAMILY = "1,2";
			};
			name = Release;
		};
/* End XCBuildConfiguration section */

/* Begin XCConfigurationList section */
		8E2D4CAB22E6916D002E414B /* Build configuration list for PBXProject "STTDemo" */ = {
			isa = XCConfigurationList;
			buildConfigurations = (
				8E2D4CC022E6916E002E414B /* Debug */,
				8E2D4CC122E6916E002E414B /* Release */,
			);
			defaultConfigurationIsVisible = 0;
			defaultConfigurationName = Release;
		};
		8E2D4CC222E6916E002E414B /* Build configuration list for PBXNativeTarget "STTDemo" */ = {
			isa = XCConfigurationList;
			buildConfigurations = (
				8E2D4CC322E6916E002E414B /* Debug */,
				8E2D4CC422E6916E002E414B /* Release */,
			);
			defaultConfigurationIsVisible = 0;
			defaultConfigurationName = Release;
		};
/* End XCConfigurationList section */
	};
	rootObject = 8E2D4CA822E6916D002E414B /* Project object */;
}
